
Microsoft Visual Studio Solution File, Format Version 12.00
# Visual Studio 15
VisualStudioVersion = 15.0.26730.16
MinimumVisualStudioVersion = 10.0.40219.1
Project("{8BC9CEB8-8B4A-11D0-8D11-00A0C91BC942}") = "CoordTransform", "CoordTransform\CoordTransform.vcxproj", "{ECCE9C7B-BC9C-4EA5-8B59-B9592749781C}"
EndProject
Project("{8BC9CEB8-8B4A-11D0-8D11-00A0C91BC942}") = "CoordTransformTest", "CoordTransformTest\CoordTransformTest.vcxproj", "{01C80DB2-0F55-4CE5-8537-7D4F9013D1D2}"
	ProjectSection(ProjectDependencies) = postProject
		{ECCE9C7B-BC9C-4EA5-8B59-B9592749781C} = {ECCE9C7B-BC9C-4EA5-8B59-B9592749781C}
	EndProjectSection
EndProject
Global
	GlobalSection(SolutionConfigurationPlatforms) = preSolution
		Debug|x64 = Debug|x64
		Debug|x86 = Debug|x86
		Release|x64 = Release|x64
		Release|x86 = Release|x86
	EndGlobalSection
	GlobalSection(ProjectConfigurationPlatforms) = postSolution
		{ECCE9C7B-BC9C-4EA5-8B59-B9592749781C}.Debug|x64.ActiveCfg = Debug|x64
		{ECCE9C7B-BC9C-4EA5-8B59-B9592749781C}.Debug|x64.Build.0 = Debug|x64
		{ECCE9C7B-BC9C-4EA5-8B59-B9592749781C}.Debug|x86.ActiveCfg = Debug|Win32
		{ECCE9C7B-BC9C-4EA5-8B59-B9592749781C}.Debug|x86.Build.0 = Debug|Win32
		{ECCE9C7B-BC9C-4EA5-8B59-B9592749781C}.Release|x64.ActiveCfg = Release|x64
		{ECCE9C7B-BC9C-4EA5-8B59-B9592749781C}.Release|x64.Build.0 = Release|x64
		{ECCE9C7B-BC9C-4EA5-8B59-B9592749781C}.Release|x86.ActiveCfg = Release|Win32
		{ECCE9C7B-BC9C-4EA5-8B59-B9592749781C}.Release|x86.Build.0 = Release|Win32
		{01C80DB2-0F55-4CE5-8537-7D4F9013D1D2}.Debug|x64.ActiveCfg = Debug|x64
		{01C80DB2-0F55-4CE5-8537-7D4F9013D1D2}.Debug|x64.Build.0 = Debug|x64
		{01C80DB2-0F55-4CE5-8537-7D4F9013D1D2}.Debug|x86.ActiveCfg = Debug|Win32
		{01C80DB2-0F55-4CE5-8537-7D4F9013D1D2}.Debug|x86.Build.0 = Debug|Win32
		{01C80DB2-0F55-4CE5-8537-7D4F9013D1D2}.Release|x64.ActiveCfg = Release|x64
		{01C80DB2-0F55-4CE5-8537-7D4F9013D1D2}.Release|x64.Build.0 = Release|x64
		{01C80DB2-0F55-4CE5-8537-7D4F9013D1D2}.Release|x86.ActiveCfg = Release|Win32
		{01C80DB2-0F55-4CE5-8537-7D4F9013D1D2}.Release|x86.Build.0 = Release|Win32
	EndGlobalSection
	GlobalSection(SolutionProperties) = preSolution
		HideSolutionNode = FALSE
	EndGlobalSection
	GlobalSection(ExtensibilityGlobals) = postSolution
		SolutionGuid = {F3844C97-8509-43D0-B1EB-397866BC1F21}
	EndGlobalSection
EndGlobal
